// !$*UTF8*$!
{
	archiveVersion = 1;
	classes = {
	};
	objectVersion = 56;
	objects = {

/* Begin PBXBuildFile section */
		5244B53E2CD4E17800AB1A27 /* LocalFileServerExampleApp.swift in Sources */ = {isa = PBXBuildFile; fileRef = 5244B53D2CD4E17800AB1A27 /* LocalFileServerExampleApp.swift */; };
		5244B5422CD4E17900AB1A27 /* Assets.xcassets in Resources */ = {isa = PBXBuildFile; fileRef = 5244B5412CD4E17900AB1A27 /* Assets.xcassets */; };
		5244B5452CD4E17900AB1A27 /* Preview Assets.xcassets in Resources */ = {isa = PBXBuildFile; fileRef = 5244B5442CD4E17900AB1A27 /* Preview Assets.xcassets */; };
		5244B54F2CD4E17A00AB1A27 /* LocalFileServerExampleTests.swift in Sources */ = {isa = PBXBuildFile; fileRef = 5244B54E2CD4E17A00AB1A27 /* LocalFileServerExampleTests.swift */; };
		5244B5592CD4E17A00AB1A27 /* LocalFileServerExampleUITests.swift in Sources */ = {isa = PBXBuildFile; fileRef = 5244B5582CD4E17A00AB1A27 /* LocalFileServerExampleUITests.swift */; };
		5244B55B2CD4E17A00AB1A27 /* LocalFileServerExampleUITestsLaunchTests.swift in Sources */ = {isa = PBXBuildFile; fileRef = 5244B55A2CD4E17A00AB1A27 /* LocalFileServerExampleUITestsLaunchTests.swift */; };
		5244B5692CD4E25700AB1A27 /* LocalFileServer in Frameworks */ = {isa = PBXBuildFile; productRef = 5244B5682CD4E25700AB1A27 /* LocalFileServer */; };
		5244B56D2CD4E2AB00AB1A27 /* LocalFileServerExampleView.swift in Sources */ = {isa = PBXBuildFile; fileRef = 5244B56B2CD4E2AB00AB1A27 /* LocalFileServerExampleView.swift */; };
		5244B56E2CD4E2AB00AB1A27 /* MountedListView.swift in Sources */ = {isa = PBXBuildFile; fileRef = 5244B56C2CD4E2AB00AB1A27 /* MountedListView.swift */; };
		528198082CD4E7520040092D /* WebViewPage.swift in Sources */ = {isa = PBXBuildFile; fileRef = 528198072CD4E7520040092D /* WebViewPage.swift */; };
		5281980B2CD4EB220040092D /* index.html in Resources */ = {isa = PBXBuildFile; fileRef = 528198092CD4EB220040092D /* index.html */; };
		5281980C2CD4EB220040092D /* app.js in Resources */ = {isa = PBXBuildFile; fileRef = 5281980A2CD4EB220040092D /* app.js */; };
/* End PBXBuildFile section */

/* Begin PBXContainerItemProxy section */
		5244B54B2CD4E17A00AB1A27 /* PBXContainerItemProxy */ = {
			isa = PBXContainerItemProxy;
			containerPortal = 5244B5322CD4E17800AB1A27 /* Project object */;
			proxyType = 1;
			remoteGlobalIDString = 5244B5392CD4E17800AB1A27;
			remoteInfo = LocalFileServerExample;
		};
		5244B5552CD4E17A00AB1A27 /* PBXContainerItemProxy */ = {
			isa = PBXContainerItemProxy;
			containerPortal = 5244B5322CD4E17800AB1A27 /* Project object */;
			proxyType = 1;
			remoteGlobalIDString = 5244B5392CD4E17800AB1A27;
			remoteInfo = LocalFileServerExample;
		};
/* End PBXContainerItemProxy section */

/* Begin PBXFileReference section */
		5244B53A2CD4E17800AB1A27 /* LocalFileServerExample.app */ = {isa = PBXFileReference; explicitFileType = wrapper.application; includeInIndex = 0; path = LocalFileServerExample.app; sourceTree = BUILT_PRODUCTS_DIR; };
		5244B53D2CD4E17800AB1A27 /* LocalFileServerExampleApp.swift */ = {isa = PBXFileReference; lastKnownFileType = sourcecode.swift; path = LocalFileServerExampleApp.swift; sourceTree = "<group>"; };
		5244B5412CD4E17900AB1A27 /* Assets.xcassets */ = {isa = PBXFileReference; lastKnownFileType = folder.assetcatalog; path = Assets.xcassets; sourceTree = "<group>"; };
		5244B5442CD4E17900AB1A27 /* Preview Assets.xcassets */ = {isa = PBXFileReference; lastKnownFileType = folder.assetcatalog; path = "Preview Assets.xcassets"; sourceTree = "<group>"; };
		5244B54A2CD4E17A00AB1A27 /* LocalFileServerExampleTests.xctest */ = {isa = PBXFileReference; explicitFileType = wrapper.cfbundle; includeInIndex = 0; path = LocalFileServerExampleTests.xctest; sourceTree = BUILT_PRODUCTS_DIR; };
		5244B54E2CD4E17A00AB1A27 /* LocalFileServerExampleTests.swift */ = {isa = PBXFileReference; lastKnownFileType = sourcecode.swift; path = LocalFileServerExampleTests.swift; sourceTree = "<group>"; };
		5244B5542CD4E17A00AB1A27 /* LocalFileServerExampleUITests.xctest */ = {isa = PBXFileReference; explicitFileType = wrapper.cfbundle; includeInIndex = 0; path = LocalFileServerExampleUITests.xctest; sourceTree = BUILT_PRODUCTS_DIR; };
		5244B5582CD4E17A00AB1A27 /* LocalFileServerExampleUITests.swift */ = {isa = PBXFileReference; lastKnownFileType = sourcecode.swift; path = LocalFileServerExampleUITests.swift; sourceTree = "<group>"; };
		5244B55A2CD4E17A00AB1A27 /* LocalFileServerExampleUITestsLaunchTests.swift */ = {isa = PBXFileReference; lastKnownFileType = sourcecode.swift; path = LocalFileServerExampleUITestsLaunchTests.swift; sourceTree = "<group>"; };
		5244B56B2CD4E2AB00AB1A27 /* LocalFileServerExampleView.swift */ = {isa = PBXFileReference; fileEncoding = 4; lastKnownFileType = sourcecode.swift; path = LocalFileServerExampleView.swift; sourceTree = "<group>"; };
		5244B56C2CD4E2AB00AB1A27 /* MountedListView.swift */ = {isa = PBXFileReference; fileEncoding = 4; lastKnownFileType = sourcecode.swift; path = MountedListView.swift; sourceTree = "<group>"; };
		528198072CD4E7520040092D /* WebViewPage.swift */ = {isa = PBXFileReference; lastKnownFileType = sourcecode.swift; path = WebViewPage.swift; sourceTree = "<group>"; };
		528198092CD4EB220040092D /* index.html */ = {isa = PBXFileReference; fileEncoding = 4; lastKnownFileType = text.html; path = index.html; sourceTree = "<group>"; };
		5281980A2CD4EB220040092D /* app.js */ = {isa = PBXFileReference; fileEncoding = 4; lastKnownFileType = sourcecode.javascript; path = app.js; sourceTree = "<group>"; };
		5281980D2CD4EBFD0040092D /* Info.plist */ = {isa = PBXFileReference; lastKnownFileType = text.plist; path = Info.plist; sourceTree = "<group>"; };
/* End PBXFileReference section */

/* Begin PBXFrameworksBuildPhase section */
		5244B5372CD4E17800AB1A27 /* Frameworks */ = {
			isa = PBXFrameworksBuildPhase;
			buildActionMask = 2147483647;
			files = (
				5244B5692CD4E25700AB1A27 /* LocalFileServer in Frameworks */,
			);
			runOnlyForDeploymentPostprocessing = 0;
		};
		5244B5472CD4E17A00AB1A27 /* Frameworks */ = {
			isa = PBXFrameworksBuildPhase;
			buildActionMask = 2147483647;
			files = (
			);
			runOnlyForDeploymentPostprocessing = 0;
		};
		5244B5512CD4E17A00AB1A27 /* Frameworks */ = {
			isa = PBXFrameworksBuildPhase;
			buildActionMask = 2147483647;
			files = (
			);
			runOnlyForDeploymentPostprocessing = 0;
		};
/* End PBXFrameworksBuildPhase section */

/* Begin PBXGroup section */
		5244B5312CD4E17800AB1A27 = {
			isa = PBXGroup;
			children = (
				5244B53C2CD4E17800AB1A27 /* LocalFileServerExample */,
				5244B54D2CD4E17A00AB1A27 /* LocalFileServerExampleTests */,
				5244B5572CD4E17A00AB1A27 /* LocalFileServerExampleUITests */,
				5244B53B2CD4E17800AB1A27 /* Products */,
			);
			sourceTree = "<group>";
		};
		5244B53B2CD4E17800AB1A27 /* Products */ = {
			isa = PBXGroup;
			children = (
				5244B53A2CD4E17800AB1A27 /* LocalFileServerExample.app */,
				5244B54A2CD4E17A00AB1A27 /* LocalFileServerExampleTests.xctest */,
				5244B5542CD4E17A00AB1A27 /* LocalFileServerExampleUITests.xctest */,
			);
			name = Products;
			sourceTree = "<group>";
		};
		5244B53C2CD4E17800AB1A27 /* LocalFileServerExample */ = {
			isa = PBXGroup;
			children = (
				5281980D2CD4EBFD0040092D /* Info.plist */,
				5281980A2CD4EB220040092D /* app.js */,
				528198092CD4EB220040092D /* index.html */,
				5244B5412CD4E17900AB1A27 /* Assets.xcassets */,
				5244B53D2CD4E17800AB1A27 /* LocalFileServerExampleApp.swift */,
				5244B5432CD4E17900AB1A27 /* Preview Content */,
				5244B56A2CD4E29400AB1A27 /* View */,
			);
			path = LocalFileServerExample;
			sourceTree = "<group>";
		};
		5244B5432CD4E17900AB1A27 /* Preview Content */ = {
			isa = PBXGroup;
			children = (
				5244B5442CD4E17900AB1A27 /* Preview Assets.xcassets */,
			);
			path = "Preview Content";
			sourceTree = "<group>";
		};
		5244B54D2CD4E17A00AB1A27 /* LocalFileServerExampleTests */ = {
			isa = PBXGroup;
			children = (
				5244B54E2CD4E17A00AB1A27 /* LocalFileServerExampleTests.swift */,
			);
			path = LocalFileServerExampleTests;
			sourceTree = "<group>";
		};
		5244B5572CD4E17A00AB1A27 /* LocalFileServerExampleUITests */ = {
			isa = PBXGroup;
			children = (
				5244B5582CD4E17A00AB1A27 /* LocalFileServerExampleUITests.swift */,
				5244B55A2CD4E17A00AB1A27 /* LocalFileServerExampleUITestsLaunchTests.swift */,
			);
			path = LocalFileServerExampleUITests;
			sourceTree = "<group>";
		};
		5244B56A2CD4E29400AB1A27 /* View */ = {
			isa = PBXGroup;
			children = (
				5244B56B2CD4E2AB00AB1A27 /* LocalFileServerExampleView.swift */,
				5244B56C2CD4E2AB00AB1A27 /* MountedListView.swift */,
				528198072CD4E7520040092D /* WebViewPage.swift */,
			);
			path = View;
			sourceTree = "<group>";
		};
/* End PBXGroup section */

/* Begin PBXNativeTarget section */
		5244B5392CD4E17800AB1A27 /* LocalFileServerExample */ = {
			isa = PBXNativeTarget;
			buildConfigurationList = 5244B55E2CD4E17A00AB1A27 /* Build configuration list for PBXNativeTarget "LocalFileServerExample" */;
			buildPhases = (
				5244B5362CD4E17800AB1A27 /* Sources */,
				5244B5372CD4E17800AB1A27 /* Frameworks */,
				5244B5382CD4E17800AB1A27 /* Resources */,
			);
			buildRules = (
			);
			dependencies = (
			);
			name = LocalFileServerExample;
			packageProductDependencies = (
				5244B5682CD4E25700AB1A27 /* LocalFileServer */,
			);
			productName = LocalFileServerExample;
			productReference = 5244B53A2CD4E17800AB1A27 /* LocalFileServerExample.app */;
			productType = "com.apple.product-type.application";
		};
		5244B5492CD4E17A00AB1A27 /* LocalFileServerExampleTests */ = {
			isa = PBXNativeTarget;
			buildConfigurationList = 5244B5612CD4E17A00AB1A27 /* Build configuration list for PBXNativeTarget "LocalFileServerExampleTests" */;
			buildPhases = (
				5244B5462CD4E17A00AB1A27 /* Sources */,
				5244B5472CD4E17A00AB1A27 /* Frameworks */,
				5244B5482CD4E17A00AB1A27 /* Resources */,
			);
			buildRules = (
			);
			dependencies = (
				5244B54C2CD4E17A00AB1A27 /* PBXTargetDependency */,
			);
			name = LocalFileServerExampleTests;
			productName = LocalFileServerExampleTests;
			productReference = 5244B54A2CD4E17A00AB1A27 /* LocalFileServerExampleTests.xctest */;
			productType = "com.apple.product-type.bundle.unit-test";
		};
		5244B5532CD4E17A00AB1A27 /* LocalFileServerExampleUITests */ = {
			isa = PBXNativeTarget;
			buildConfigurationList = 5244B5642CD4E17A00AB1A27 /* Build configuration list for PBXNativeTarget "LocalFileServerExampleUITests" */;
			buildPhases = (
				5244B5502CD4E17A00AB1A27 /* Sources */,
				5244B5512CD4E17A00AB1A27 /* Frameworks */,
				5244B5522CD4E17A00AB1A27 /* Resources */,
			);
			buildRules = (
			);
			dependencies = (
				5244B5562CD4E17A00AB1A27 /* PBXTargetDependency */,
			);
			name = LocalFileServerExampleUITests;
			productName = LocalFileServerExampleUITests;
			productReference = 5244B5542CD4E17A00AB1A27 /* LocalFileServerExampleUITests.xctest */;
			productType = "com.apple.product-type.bundle.ui-testing";
		};
/* End PBXNativeTarget section */

/* Begin PBXProject section */
		5244B5322CD4E17800AB1A27 /* Project object */ = {
			isa = PBXProject;
			attributes = {
				BuildIndependentTargetsInParallel = 1;
				LastSwiftUpdateCheck = 1540;
				LastUpgradeCheck = 1540;
				TargetAttributes = {
					5244B5392CD4E17800AB1A27 = {
						CreatedOnToolsVersion = 15.4;
					};
					5244B5492CD4E17A00AB1A27 = {
						CreatedOnToolsVersion = 15.4;
						TestTargetID = 5244B5392CD4E17800AB1A27;
					};
					5244B5532CD4E17A00AB1A27 = {
						CreatedOnToolsVersion = 15.4;
						TestTargetID = 5244B5392CD4E17800AB1A27;
					};
				};
			};
			buildConfigurationList = 5244B5352CD4E17800AB1A27 /* Build configuration list for PBXProject "LocalFileServerExample" */;
			compatibilityVersion = "Xcode 14.0";
			developmentRegion = en;
			hasScannedForEncodings = 0;
			knownRegions = (
				en,
				Base,
			);
			mainGroup = 5244B5312CD4E17800AB1A27;
			packageReferences = (
				5244B5672CD4E25700AB1A27 /* XCRemoteSwiftPackageReference "LocalFileServer" */,
			);
			productRefGroup = 5244B53B2CD4E17800AB1A27 /* Products */;
			projectDirPath = "";
			projectRoot = "";
			targets = (
				5244B5392CD4E17800AB1A27 /* LocalFileServerExample */,
				5244B5492CD4E17A00AB1A27 /* LocalFileServerExampleTests */,
				5244B5532CD4E17A00AB1A27 /* LocalFileServerExampleUITests */,
			);
		};
/* End PBXProject section */

/* Begin PBXResourcesBuildPhase section */
		5244B5382CD4E17800AB1A27 /* Resources */ = {
			isa = PBXResourcesBuildPhase;
			buildActionMask = 2147483647;
			files = (
				5281980B2CD4EB220040092D /* index.html in Resources */,
				5244B5452CD4E17900AB1A27 /* Preview Assets.xcassets in Resources */,
				5281980C2CD4EB220040092D /* app.js in Resources */,
				5244B5422CD4E17900AB1A27 /* Assets.xcassets in Resources */,
			);
			runOnlyForDeploymentPostprocessing = 0;
		};
		5244B5482CD4E17A00AB1A27 /* Resources */ = {
			isa = PBXResourcesBuildPhase;
			buildActionMask = 2147483647;
			files = (
			);
			runOnlyForDeploymentPostprocessing = 0;
		};
		5244B5522CD4E17A00AB1A27 /* Resources */ = {
			isa = PBXResourcesBuildPhase;
			buildActionMask = 2147483647;
			files = (
			);
			runOnlyForDeploymentPostprocessing = 0;
		};
/* End PBXResourcesBuildPhase section */

/* Begin PBXSourcesBuildPhase section */
		5244B5362CD4E17800AB1A27 /* Sources */ = {
			isa = PBXSourcesBuildPhase;
			buildActionMask = 2147483647;
			files = (
				5244B56D2CD4E2AB00AB1A27 /* LocalFileServerExampleView.swift in Sources */,
				5244B53E2CD4E17800AB1A27 /* LocalFileServerExampleApp.swift in Sources */,
				528198082CD4E7520040092D /* WebViewPage.swift in Sources */,
				5244B56E2CD4E2AB00AB1A27 /* MountedListView.swift in Sources */,
			);
			runOnlyForDeploymentPostprocessing = 0;
		};
		5244B5462CD4E17A00AB1A27 /* Sources */ = {
			isa = PBXSourcesBuildPhase;
			buildActionMask = 2147483647;
			files = (
				5244B54F2CD4E17A00AB1A27 /* LocalFileServerExampleTests.swift in Sources */,
			);
			runOnlyForDeploymentPostprocessing = 0;
		};
		5244B5502CD4E17A00AB1A27 /* Sources */ = {
			isa = PBXSourcesBuildPhase;
			buildActionMask = 2147483647;
			files = (
				5244B55B2CD4E17A00AB1A27 /* LocalFileServerExampleUITestsLaunchTests.swift in Sources */,
				5244B5592CD4E17A00AB1A27 /* LocalFileServerExampleUITests.swift in Sources */,
			);
			runOnlyForDeploymentPostprocessing = 0;
		};
/* End PBXSourcesBuildPhase section */

/* Begin PBXTargetDependency section */
		5244B54C2CD4E17A00AB1A27 /* PBXTargetDependency */ = {
			isa = PBXTargetDependency;
			target = 5244B5392CD4E17800AB1A27 /* LocalFileServerExample */;
			targetProxy = 5244B54B2CD4E17A00AB1A27 /* PBXContainerItemProxy */;
		};
		5244B5562CD4E17A00AB1A27 /* PBXTargetDependency */ = {
			isa = PBXTargetDependency;
			target = 5244B5392CD4E17800AB1A27 /* LocalFileServerExample */;
			targetProxy = 5244B5552CD4E17A00AB1A27 /* PBXContainerItemProxy */;
		};
/* End PBXTargetDependency section */

/* Begin XCBuildConfiguration section */
		5244B55C2CD4E17A00AB1A27 /* Debug */ = {
			isa = XCBuildConfiguration;
			buildSettings = {
				ALWAYS_SEARCH_USER_PATHS = NO;
				ASSETCATALOG_COMPILER_GENERATE_SWIFT_ASSET_SYMBOL_EXTENSIONS = YES;
				CLANG_ANALYZER_NONNULL = YES;
				CLANG_ANALYZER_NUMBER_OBJECT_CONVERSION = YES_AGGRESSIVE;
				CLANG_CXX_LANGUAGE_STANDARD = "gnu++20";
				CLANG_ENABLE_MODULES = YES;
				CLANG_ENABLE_OBJC_ARC = YES;
				CLANG_ENABLE_OBJC_WEAK = YES;
				CLANG_WARN_BLOCK_CAPTURE_AUTORELEASING = YES;
				CLANG_WARN_BOOL_CONVERSION = YES;
				CLANG_WARN_COMMA = YES;
				CLANG_WARN_CONSTANT_CONVERSION = YES;
				CLANG_WARN_DEPRECATED_OBJC_IMPLEMENTATIONS = YES;
				CLANG_WARN_DIRECT_OBJC_ISA_USAGE = YES_ERROR;
				CLANG_WARN_DOCUMENTATION_COMMENTS = YES;
				CLANG_WARN_EMPTY_BODY = YES;
				CLANG_WARN_ENUM_CONVERSION = YES;
				CLANG_WARN_INFINITE_RECURSION = YES;
				CLANG_WARN_INT_CONVERSION = YES;
				CLANG_WARN_NON_LITERAL_NULL_CONVERSION = YES;
				CLANG_WARN_OBJC_IMPLICIT_RETAIN_SELF = YES;
				CLANG_WARN_OBJC_LITERAL_CONVERSION = YES;
				CLANG_WARN_OBJC_ROOT_CLASS = YES_ERROR;
				CLANG_WARN_QUOTED_INCLUDE_IN_FRAMEWORK_HEADER = YES;
				CLANG_WARN_RANGE_LOOP_ANALYSIS = YES;
				CLANG_WARN_STRICT_PROTOTYPES = YES;
				CLANG_WARN_SUSPICIOUS_MOVE = YES;
				CLANG_WARN_UNGUARDED_AVAILABILITY = YES_AGGRESSIVE;
				CLANG_WARN_UNREACHABLE_CODE = YES;
				CLANG_WARN__DUPLICATE_METHOD_MATCH = YES;
				COPY_PHASE_STRIP = NO;
				DEBUG_INFORMATION_FORMAT = dwarf;
				ENABLE_STRICT_OBJC_MSGSEND = YES;
				ENABLE_TESTABILITY = YES;
				ENABLE_USER_SCRIPT_SANDBOXING = YES;
				GCC_C_LANGUAGE_STANDARD = gnu17;
				GCC_DYNAMIC_NO_PIC = NO;
				GCC_NO_COMMON_BLOCKS = YES;
				GCC_OPTIMIZATION_LEVEL = 0;
				GCC_PREPROCESSOR_DEFINITIONS = (
					"DEBUG=1",
					"$(inherited)",
				);
				GCC_WARN_64_TO_32_BIT_CONVERSION = YES;
				GCC_WARN_ABOUT_RETURN_TYPE = YES_ERROR;
				GCC_WARN_UNDECLARED_SELECTOR = YES;
				GCC_WARN_UNINITIALIZED_AUTOS = YES_AGGRESSIVE;
				GCC_WARN_UNUSED_FUNCTION = YES;
				GCC_WARN_UNUSED_VARIABLE = YES;
				IPHONEOS_DEPLOYMENT_TARGET = 17.5;
				LOCALIZATION_PREFERS_STRING_CATALOGS = YES;
				MTL_ENABLE_DEBUG_INFO = INCLUDE_SOURCE;
				MTL_FAST_MATH = YES;
				ONLY_ACTIVE_ARCH = YES;
				SDKROOT = iphoneos;
				SWIFT_ACTIVE_COMPILATION_CONDITIONS = "DEBUG $(inherited)";
				SWIFT_OPTIMIZATION_LEVEL = "-Onone";
			};
			name = Debug;
		};
		5244B55D2CD4E17A00AB1A27 /* Release */ = {
			isa = XCBuildConfiguration;
			buildSettings = {
				ALWAYS_SEARCH_USER_PATHS = NO;
				ASSETCATALOG_COMPILER_GENERATE_SWIFT_ASSET_SYMBOL_EXTENSIONS = YES;
				CLANG_ANALYZER_NONNULL = YES;
				CLANG_ANALYZER_NUMBER_OBJECT_CONVERSION = YES_AGGRESSIVE;
				CLANG_CXX_LANGUAGE_STANDARD = "gnu++20";
				CLANG_ENABLE_MODULES = YES;
				CLANG_ENABLE_OBJC_ARC = YES;
				CLANG_ENABLE_OBJC_WEAK = YES;
				CLANG_WARN_BLOCK_CAPTURE_AUTORELEASING = YES;
				CLANG_WARN_BOOL_CONVERSION = YES;
				CLANG_WARN_COMMA = YES;
				CLANG_WARN_CONSTANT_CONVERSION = YES;
				CLANG_WARN_DEPRECATED_OBJC_IMPLEMENTATIONS = YES;
				CLANG_WARN_DIRECT_OBJC_ISA_USAGE = YES_ERROR;
				CLANG_WARN_DOCUMENTATION_COMMENTS = YES;
				CLANG_WARN_EMPTY_BODY = YES;
				CLANG_WARN_ENUM_CONVERSION = YES;
				CLANG_WARN_INFINITE_RECURSION = YES;
				CLANG_WARN_INT_CONVERSION = YES;
				CLANG_WARN_NON_LITERAL_NULL_CONVERSION = YES;
				CLANG_WARN_OBJC_IMPLICIT_RETAIN_SELF = YES;
				CLANG_WARN_OBJC_LITERAL_CONVERSION = YES;
				CLANG_WARN_OBJC_ROOT_CLASS = YES_ERROR;
				CLANG_WARN_QUOTED_INCLUDE_IN_FRAMEWORK_HEADER = YES;
				CLANG_WARN_RANGE_LOOP_ANALYSIS = YES;
				CLANG_WARN_STRICT_PROTOTYPES = YES;
				CLANG_WARN_SUSPICIOUS_MOVE = YES;
				CLANG_WARN_UNGUARDED_AVAILABILITY = YES_AGGRESSIVE;
				CLANG_WARN_UNREACHABLE_CODE = YES;
				CLANG_WARN__DUPLICATE_METHOD_MATCH = YES;
				COPY_PHASE_STRIP = NO;
				DEBUG_INFORMATION_FORMAT = "dwarf-with-dsym";
				ENABLE_NS_ASSERTIONS = NO;
				ENABLE_STRICT_OBJC_MSGSEND = YES;
				ENABLE_USER_SCRIPT_SANDBOXING = YES;
				GCC_C_LANGUAGE_STANDARD = gnu17;
				GCC_NO_COMMON_BLOCKS = YES;
				GCC_WARN_64_TO_32_BIT_CONVERSION = YES;
				GCC_WARN_ABOUT_RETURN_TYPE = YES_ERROR;
				GCC_WARN_UNDECLARED_SELECTOR = YES;
				GCC_WARN_UNINITIALIZED_AUTOS = YES_AGGRESSIVE;
				GCC_WARN_UNUSED_FUNCTION = YES;
				GCC_WARN_UNUSED_VARIABLE = YES;
				IPHONEOS_DEPLOYMENT_TARGET = 17.5;
				LOCALIZATION_PREFERS_STRING_CATALOGS = YES;
				MTL_ENABLE_DEBUG_INFO = NO;
				MTL_FAST_MATH = YES;
				SDKROOT = iphoneos;
				SWIFT_COMPILATION_MODE = wholemodule;
				VALIDATE_PRODUCT = YES;
			};
			name = Release;
		};
		5244B55F2CD4E17A00AB1A27 /* Debug */ = {
			isa = XCBuildConfiguration;
			buildSettings = {
				ASSETCATALOG_COMPILER_APPICON_NAME = AppIcon;
				ASSETCATALOG_COMPILER_GLOBAL_ACCENT_COLOR_NAME = AccentColor;
				CODE_SIGN_STYLE = Automatic;
				CURRENT_PROJECT_VERSION = 1;
				DEVELOPMENT_ASSET_PATHS = "\"LocalFileServerExample/Preview Content\"";
				DEVELOPMENT_TEAM = 4W67FNGQ59;
				ENABLE_PREVIEWS = YES;
				GENERATE_INFOPLIST_FILE = YES;
				INFOPLIST_FILE = LocalFileServerExample/Info.plist;
				INFOPLIST_KEY_LSSupportsOpeningDocumentsInPlace = YES;
				INFOPLIST_KEY_UIApplicationSceneManifest_Generation = YES;
				INFOPLIST_KEY_UIApplicationSupportsIndirectInputEvents = YES;
				INFOPLIST_KEY_UILaunchScreen_Generation = YES;
				INFOPLIST_KEY_UISupportedInterfaceOrientations_iPad = "UIInterfaceOrientationPortrait UIInterfaceOrientationPortraitUpsideDown UIInterfaceOrientationLandscapeLeft UIInterfaceOrientationLandscapeRight";
				INFOPLIST_KEY_UISupportedInterfaceOrientations_iPhone = "UIInterfaceOrientationPortrait UIInterfaceOrientationLandscapeLeft UIInterfaceOrientationLandscapeRight";
				LD_RUNPATH_SEARCH_PATHS = (
					"$(inherited)",
					"@executable_path/Frameworks",
				);
				MARKETING_VERSION = 1.0;
				PRODUCT_BUNDLE_IDENTIFIER = com.uuuuk.LocalFileServerExample;
				PRODUCT_NAME = "$(TARGET_NAME)";
				SWIFT_EMIT_LOC_STRINGS = YES;
				SWIFT_VERSION = 5.0;
				TARGETED_DEVICE_FAMILY = "1,2";
			};
			name = Debug;
		};
		5244B5602CD4E17A00AB1A27 /* Release */ = {
			isa = XCBuildConfiguration;
			buildSettings = {
				ASSETCATALOG_COMPILER_APPICON_NAME = AppIcon;
				ASSETCATALOG_COMPILER_GLOBAL_ACCENT_COLOR_NAME = AccentColor;
				CODE_SIGN_STYLE = Automatic;
				CURRENT_PROJECT_VERSION = 1;
				DEVELOPMENT_ASSET_PATHS = "\"LocalFileServerExample/Preview Content\"";
				DEVELOPMENT_TEAM = 4W67FNGQ59;
				ENABLE_PREVIEWS = YES;
				GENERATE_INFOPLIST_FILE = YES;
				INFOPLIST_FILE = LocalFileServerExample/Info.plist;
				INFOPLIST_KEY_LSSupportsOpeningDocumentsInPlace = YES;
				INFOPLIST_KEY_UIApplicationSceneManifest_Generation = YES;
				INFOPLIST_KEY_UIApplicationSupportsIndirectInputEvents = YES;
				INFOPLIST_KEY_UILaunchScreen_Generation = YES;
				INFOPLIST_KEY_UISupportedInterfaceOrientations_iPad = "UIInterfaceOrientationPortrait UIInterfaceOrientationPortraitUpsideDown UIInterfaceOrientationLandscapeLeft UIInterfaceOrientationLandscapeRight";
				INFOPLIST_KEY_UISupportedInterfaceOrientations_iPhone = "UIInterfaceOrientationPortrait UIInterfaceOrientationLandscapeLeft UIInterfaceOrientationLandscapeRight";
				LD_RUNPATH_SEARCH_PATHS = (
					"$(inherited)",
					"@executable_path/Frameworks",
				);
				MARKETING_VERSION = 1.0;
				PRODUCT_BUNDLE_IDENTIFIER = com.uuuuk.LocalFileServerExample;
				PRODUCT_NAME = "$(TARGET_NAME)";
				SWIFT_EMIT_LOC_STRINGS = YES;
				SWIFT_VERSION = 5.0;
				TARGETED_DEVICE_FAMILY = "1,2";
			};
			name = Release;
		};
		5244B5622CD4E17A00AB1A27 /* Debug */ = {
			isa = XCBuildConfiguration;
			buildSettings = {
				ALWAYS_EMBED_SWIFT_STANDARD_LIBRARIES = YES;
				BUNDLE_LOADER = "$(TEST_HOST)";
				CODE_SIGN_STYLE = Automatic;
				CURRENT_PROJECT_VERSION = 1;
				DEVELOPMENT_TEAM = 4W67FNGQ59;
				GENERATE_INFOPLIST_FILE = YES;
				IPHONEOS_DEPLOYMENT_TARGET = 17.5;
				MARKETING_VERSION = 1.0;
				PRODUCT_BUNDLE_IDENTIFIER = com.uuuuk.LocalFileServerExampleTests;
				PRODUCT_NAME = "$(TARGET_NAME)";
				SWIFT_EMIT_LOC_STRINGS = NO;
				SWIFT_VERSION = 5.0;
				TARGETED_DEVICE_FAMILY = "1,2";
				TEST_HOST = "$(BUILT_PRODUCTS_DIR)/LocalFileServerExample.app/$(BUNDLE_EXECUTABLE_FOLDER_PATH)/LocalFileServerExample";
			};
			name = Debug;
		};
		5244B5632CD4E17A00AB1A27 /* Release */ = {
			isa = XCBuildConfiguration;
			buildSettings = {
				ALWAYS_EMBED_SWIFT_STANDARD_LIBRARIES = YES;
				BUNDLE_LOADER = "$(TEST_HOST)";
				CODE_SIGN_STYLE = Automatic;
				CURRENT_PROJECT_VERSION = 1;
				DEVELOPMENT_TEAM = 4W67FNGQ59;
				GENERATE_INFOPLIST_FILE = YES;
				IPHONEOS_DEPLOYMENT_TARGET = 17.5;
				MARKETING_VERSION = 1.0;
				PRODUCT_BUNDLE_IDENTIFIER = com.uuuuk.LocalFileServerExampleTests;
				PRODUCT_NAME = "$(TARGET_NAME)";
				SWIFT_EMIT_LOC_STRINGS = NO;
				SWIFT_VERSION = 5.0;
				TARGETED_DEVICE_FAMILY = "1,2";
				TEST_HOST = "$(BUILT_PRODUCTS_DIR)/LocalFileServerExample.app/$(BUNDLE_EXECUTABLE_FOLDER_PATH)/LocalFileServerExample";
			};
			name = Release;
		};
		5244B5652CD4E17A00AB1A27 /* Debug */ = {
			isa = XCBuildConfiguration;
			buildSettings = {
				ALWAYS_EMBED_SWIFT_STANDARD_LIBRARIES = YES;
				CODE_SIGN_STYLE = Automatic;
				CURRENT_PROJECT_VERSION = 1;
				DEVELOPMENT_TEAM = 4W67FNGQ59;
				GENERATE_INFOPLIST_FILE = YES;
				MARKETING_VERSION = 1.0;
				PRODUCT_BUNDLE_IDENTIFIER = com.uuuuk.LocalFileServerExampleUITests;
				PRODUCT_NAME = "$(TARGET_NAME)";
				SWIFT_EMIT_LOC_STRINGS = NO;
				SWIFT_VERSION = 5.0;
				TARGETED_DEVICE_FAMILY = "1,2";
				TEST_TARGET_NAME = LocalFileServerExample;
			};
			name = Debug;
		};
		5244B5662CD4E17A00AB1A27 /* Release */ = {
			isa = XCBuildConfiguration;
			buildSettings = {
				ALWAYS_EMBED_SWIFT_STANDARD_LIBRARIES = YES;
				CODE_SIGN_STYLE = Automatic;
				CURRENT_PROJECT_VERSION = 1;
				DEVELOPMENT_TEAM = 4W67FNGQ59;
				GENERATE_INFOPLIST_FILE = YES;
				MARKETING_VERSION = 1.0;
				PRODUCT_BUNDLE_IDENTIFIER = com.uuuuk.LocalFileServerExampleUITests;
				PRODUCT_NAME = "$(TARGET_NAME)";
				SWIFT_EMIT_LOC_STRINGS = NO;
				SWIFT_VERSION = 5.0;
				TARGETED_DEVICE_FAMILY = "1,2";
				TEST_TARGET_NAME = LocalFileServerExample;
			};
			name = Release;
		};
/* End XCBuildConfiguration section */

/* Begin XCConfigurationList section */
		5244B5352CD4E17800AB1A27 /* Build configuration list for PBXProject "LocalFileServerExample" */ = {
			isa = XCConfigurationList;
			buildConfigurations = (
				5244B55C2CD4E17A00AB1A27 /* Debug */,
				5244B55D2CD4E17A00AB1A27 /* Release */,
			);
			defaultConfigurationIsVisible = 0;
			defaultConfigurationName = Release;
		};
		5244B55E2CD4E17A00AB1A27 /* Build configuration list for PBXNativeTarget "LocalFileServerExample" */ = {
			isa = XCConfigurationList;
			buildConfigurations = (
				5244B55F2CD4E17A00AB1A27 /* Debug */,
				5244B5602CD4E17A00AB1A27 /* Release */,
			);
			defaultConfigurationIsVisible = 0;
			defaultConfigurationName = Release;
		};
		5244B5612CD4E17A00AB1A27 /* Build configuration list for PBXNativeTarget "LocalFileServerExampleTests" */ = {
			isa = XCConfigurationList;
			buildConfigurations = (
				5244B5622CD4E17A00AB1A27 /* Debug */,
				5244B5632CD4E17A00AB1A27 /* Release */,
			);
			defaultConfigurationIsVisible = 0;
			defaultConfigurationName = Release;
		};
		5244B5642CD4E17A00AB1A27 /* Build configuration list for PBXNativeTarget "LocalFileServerExampleUITests" */ = {
			isa = XCConfigurationList;
			buildConfigurations = (
				5244B5652CD4E17A00AB1A27 /* Debug */,
				5244B5662CD4E17A00AB1A27 /* Release */,
			);
			defaultConfigurationIsVisible = 0;
			defaultConfigurationName = Release;
		};
/* End XCConfigurationList section */

/* Begin XCRemoteSwiftPackageReference section */
		5244B5672CD4E25700AB1A27 /* XCRemoteSwiftPackageReference "LocalFileServer" */ = {
			isa = XCRemoteSwiftPackageReference;
			repositoryURL = "https://github.com/a114tw123/LocalFileServer";
			requirement = {
				kind = upToNextMajorVersion;
				minimumVersion = 1.0.0;
			};
		};
/* End XCRemoteSwiftPackageReference section */

/* Begin XCSwiftPackageProductDependency section */
		5244B5682CD4E25700AB1A27 /* LocalFileServer */ = {
			isa = XCSwiftPackageProductDependency;
			package = 5244B5672CD4E25700AB1A27 /* XCRemoteSwiftPackageReference "LocalFileServer" */;
			productName = LocalFileServer;
		};
/* End XCSwiftPackageProductDependency section */
	};
	rootObject = 5244B5322CD4E17800AB1A27 /* Project object */;
}
